
Microsoft Visual Studio Solution File, Format Version 12.00
# Visual Studio Version 16
VisualStudioVersion = 16.0.33801.447
MinimumVisualStudioVersion = 10.0.40219.1
Project("{FAE04EC0-301F-11D3-BF4B-00C04F79EFBC}") = "Запомни карту", "Запомни карту\Запомни карту.csproj", "{479B9829-97C6-4024-B415-0538373C9EF7}"
EndProject
Global
	GlobalSection(SolutionConfigurationPlatforms) = preSolution
		Debug|Any CPU = Debug|Any CPU
		Release|Any CPU = Release|Any CPU
	EndGlobalSection
	GlobalSection(ProjectConfigurationPlatforms) = postSolution
		{479B9829-97C6-4024-B415-0538373C9EF7}.Debug|Any CPU.ActiveCfg = Debug|Any CPU
		{479B9829-97C6-4024-B415-0538373C9EF7}.Debug|Any CPU.Build.0 = Debug|Any CPU
		{479B9829-97C6-4024-B415-0538373C9EF7}.Release|Any CPU.ActiveCfg = Release|Any CPU
		{479B9829-97C6-4024-B415-0538373C9EF7}.Release|Any CPU.Build.0 = Release|Any CPU
	EndGlobalSection
	GlobalSection(SolutionProperties) = preSolution
		HideSolutionNode = FALSE
	EndGlobalSection
	GlobalSection(ExtensibilityGlobals) = postSolution
		SolutionGuid = {3BCE8672-549D-40E6-A110-4A331A14867F}
	EndGlobalSection
EndGlobal
